// !$*UTF8*$!
{
	archiveVersion = 1;
	classes = {
	};
	objectVersion = 56;
	objects = {

/* Begin PBXBuildFile section */
		850347D22B33730300C853F5 /* MeloSyncApp.swift in Sources */ = {isa = PBXBuildFile; fileRef = 850347D12B33730300C853F5 /* MeloSyncApp.swift */; };
		850347D42B33730300C853F5 /* ContentView.swift in Sources */ = {isa = PBXBuildFile; fileRef = 850347D32B33730300C853F5 /* ContentView.swift */; };
		850347D62B33730500C853F5 /* Assets.xcassets in Resources */ = {isa = PBXBuildFile; fileRef = 850347D52B33730500C853F5 /* Assets.xcassets */; };
		850347DA2B33730500C853F5 /* Preview Assets.xcassets in Resources */ = {isa = PBXBuildFile; fileRef = 850347D92B33730500C853F5 /* Preview Assets.xcassets */; };
		850347F02B3373F300C853F5 /* ExploreView.swift in Sources */ = {isa = PBXBuildFile; fileRef = 850347EF2B3373F300C853F5 /* ExploreView.swift */; };
		850347F52B33792C00C853F5 /* SearchFilterBar.swift in Sources */ = {isa = PBXBuildFile; fileRef = 850347F42B33792C00C853F5 /* SearchFilterBar.swift */; };
		856DCE1B2B337CF100772D47 /* PlaylistItemView.swift in Sources */ = {isa = PBXBuildFile; fileRef = 856DCE1A2B337CF100772D47 /* PlaylistItemView.swift */; };
		856DCE1D2B3390A100772D47 /* PlaylistDetailView.swift in Sources */ = {isa = PBXBuildFile; fileRef = 856DCE1C2B3390A100772D47 /* PlaylistDetailView.swift */; };
		856DCE202B33913700772D47 /* PlaylistCarouselView.swift in Sources */ = {isa = PBXBuildFile; fileRef = 856DCE1F2B33913700772D47 /* PlaylistCarouselView.swift */; };
		856DCE222B33928200772D47 /* PlaylistInfoView.swift in Sources */ = {isa = PBXBuildFile; fileRef = 856DCE212B33928200772D47 /* PlaylistInfoView.swift */; };
		856DCE242B33980300772D47 /* SongInfoView.swift in Sources */ = {isa = PBXBuildFile; fileRef = 856DCE232B33980300772D47 /* SongInfoView.swift */; };
		856DCE262B34E7D900772D47 /* SongSwipeAction.swift in Sources */ = {isa = PBXBuildFile; fileRef = 856DCE252B34E7D900772D47 /* SongSwipeAction.swift */; };
		856DCE292B37AA6400772D47 /* SongOptionsView.swift in Sources */ = {isa = PBXBuildFile; fileRef = 856DCE282B37AA6400772D47 /* SongOptionsView.swift */; };
		856DCE2B2B37B7A600772D47 /* SavePlaylistButton.swift in Sources */ = {isa = PBXBuildFile; fileRef = 856DCE2A2B37B7A600772D47 /* SavePlaylistButton.swift */; };
		856DCE2D2B381A1200772D47 /* PlaylistSearchView.swift in Sources */ = {isa = PBXBuildFile; fileRef = 856DCE2C2B381A1200772D47 /* PlaylistSearchView.swift */; };
		856DCE2F2B38B50000772D47 /* ProfileView.swift in Sources */ = {isa = PBXBuildFile; fileRef = 856DCE2E2B38B50000772D47 /* ProfileView.swift */; };
		856DCE312B38B6CD00772D47 /* ProfileOptionRowView.swift in Sources */ = {isa = PBXBuildFile; fileRef = 856DCE302B38B6CD00772D47 /* ProfileOptionRowView.swift */; };
		856DCE342B38B84700772D47 /* HomeView.swift in Sources */ = {isa = PBXBuildFile; fileRef = 856DCE332B38B84700772D47 /* HomeView.swift */; };
		856DCE362B38B98D00772D47 /* MainTabView.swift in Sources */ = {isa = PBXBuildFile; fileRef = 856DCE352B38B98D00772D47 /* MainTabView.swift */; };
		856DCE3A2B3A93F800772D47 /* Playlist.swift in Sources */ = {isa = PBXBuildFile; fileRef = 856DCE392B3A93F800772D47 /* Playlist.swift */; };
		856DCE3E2B3A94D300772D47 /* Songs.swift in Sources */ = {isa = PBXBuildFile; fileRef = 856DCE3D2B3A94D300772D47 /* Songs.swift */; };
		856DCE402B3A962400772D47 /* Album.swift in Sources */ = {isa = PBXBuildFile; fileRef = 856DCE3F2B3A962400772D47 /* Album.swift */; };
		856DCE422B3A968400772D47 /* Platform.swift in Sources */ = {isa = PBXBuildFile; fileRef = 856DCE412B3A968400772D47 /* Platform.swift */; };
		856DCE442B3A972500772D47 /* Review.swift in Sources */ = {isa = PBXBuildFile; fileRef = 856DCE432B3A972500772D47 /* Review.swift */; };
		856DCE462B3A975300772D47 /* User.swift in Sources */ = {isa = PBXBuildFile; fileRef = 856DCE452B3A975300772D47 /* User.swift */; };
		856DCE482B3A9ACA00772D47 /* DeveloperPreview.swift in Sources */ = {isa = PBXBuildFile; fileRef = 856DCE472B3A9ACA00772D47 /* DeveloperPreview.swift */; };
/* End PBXBuildFile section */

/* Begin PBXFileReference section */
		850347CE2B33730300C853F5 /* MeloSync.app */ = {isa = PBXFileReference; explicitFileType = wrapper.application; includeInIndex = 0; path = MeloSync.app; sourceTree = BUILT_PRODUCTS_DIR; };
		850347D12B33730300C853F5 /* MeloSyncApp.swift */ = {isa = PBXFileReference; lastKnownFileType = sourcecode.swift; path = MeloSyncApp.swift; sourceTree = "<group>"; };
		850347D32B33730300C853F5 /* ContentView.swift */ = {isa = PBXFileReference; lastKnownFileType = sourcecode.swift; path = ContentView.swift; sourceTree = "<group>"; };
		850347D52B33730500C853F5 /* Assets.xcassets */ = {isa = PBXFileReference; lastKnownFileType = folder.assetcatalog; path = Assets.xcassets; sourceTree = "<group>"; };
		850347D72B33730500C853F5 /* MeloSync.entitlements */ = {isa = PBXFileReference; lastKnownFileType = text.plist.entitlements; path = MeloSync.entitlements; sourceTree = "<group>"; };
		850347D92B33730500C853F5 /* Preview Assets.xcassets */ = {isa = PBXFileReference; lastKnownFileType = folder.assetcatalog; path = "Preview Assets.xcassets"; sourceTree = "<group>"; };
		850347EF2B3373F300C853F5 /* ExploreView.swift */ = {isa = PBXFileReference; lastKnownFileType = sourcecode.swift; path = ExploreView.swift; sourceTree = "<group>"; };
		850347F42B33792C00C853F5 /* SearchFilterBar.swift */ = {isa = PBXFileReference; lastKnownFileType = sourcecode.swift; path = SearchFilterBar.swift; sourceTree = "<group>"; };
		856DCE1A2B337CF100772D47 /* PlaylistItemView.swift */ = {isa = PBXFileReference; lastKnownFileType = sourcecode.swift; path = PlaylistItemView.swift; sourceTree = "<group>"; };
		856DCE1C2B3390A100772D47 /* PlaylistDetailView.swift */ = {isa = PBXFileReference; lastKnownFileType = sourcecode.swift; path = PlaylistDetailView.swift; sourceTree = "<group>"; };
		856DCE1F2B33913700772D47 /* PlaylistCarouselView.swift */ = {isa = PBXFileReference; lastKnownFileType = sourcecode.swift; path = PlaylistCarouselView.swift; sourceTree = "<group>"; };
		856DCE212B33928200772D47 /* PlaylistInfoView.swift */ = {isa = PBXFileReference; lastKnownFileType = sourcecode.swift; path = PlaylistInfoView.swift; sourceTree = "<group>"; };
		856DCE232B33980300772D47 /* SongInfoView.swift */ = {isa = PBXFileReference; lastKnownFileType = sourcecode.swift; path = SongInfoView.swift; sourceTree = "<group>"; };
		856DCE252B34E7D900772D47 /* SongSwipeAction.swift */ = {isa = PBXFileReference; lastKnownFileType = sourcecode.swift; path = SongSwipeAction.swift; sourceTree = "<group>"; };
		856DCE282B37AA6400772D47 /* SongOptionsView.swift */ = {isa = PBXFileReference; lastKnownFileType = sourcecode.swift; path = SongOptionsView.swift; sourceTree = "<group>"; };
		856DCE2A2B37B7A600772D47 /* SavePlaylistButton.swift */ = {isa = PBXFileReference; lastKnownFileType = sourcecode.swift; path = SavePlaylistButton.swift; sourceTree = "<group>"; };
		856DCE2C2B381A1200772D47 /* PlaylistSearchView.swift */ = {isa = PBXFileReference; lastKnownFileType = sourcecode.swift; path = PlaylistSearchView.swift; sourceTree = "<group>"; };
		856DCE2E2B38B50000772D47 /* ProfileView.swift */ = {isa = PBXFileReference; lastKnownFileType = sourcecode.swift; path = ProfileView.swift; sourceTree = "<group>"; };
		856DCE302B38B6CD00772D47 /* ProfileOptionRowView.swift */ = {isa = PBXFileReference; lastKnownFileType = sourcecode.swift; path = ProfileOptionRowView.swift; sourceTree = "<group>"; };
		856DCE332B38B84700772D47 /* HomeView.swift */ = {isa = PBXFileReference; lastKnownFileType = sourcecode.swift; path = HomeView.swift; sourceTree = "<group>"; };
		856DCE352B38B98D00772D47 /* MainTabView.swift */ = {isa = PBXFileReference; lastKnownFileType = sourcecode.swift; path = MainTabView.swift; sourceTree = "<group>"; };
		856DCE392B3A93F800772D47 /* Playlist.swift */ = {isa = PBXFileReference; lastKnownFileType = sourcecode.swift; path = Playlist.swift; sourceTree = "<group>"; };
		856DCE3D2B3A94D300772D47 /* Songs.swift */ = {isa = PBXFileReference; lastKnownFileType = sourcecode.swift; path = Songs.swift; sourceTree = "<group>"; };
		856DCE3F2B3A962400772D47 /* Album.swift */ = {isa = PBXFileReference; lastKnownFileType = sourcecode.swift; path = Album.swift; sourceTree = "<group>"; };
		856DCE412B3A968400772D47 /* Platform.swift */ = {isa = PBXFileReference; lastKnownFileType = sourcecode.swift; path = Platform.swift; sourceTree = "<group>"; };
		856DCE432B3A972500772D47 /* Review.swift */ = {isa = PBXFileReference; lastKnownFileType = sourcecode.swift; path = Review.swift; sourceTree = "<group>"; };
		856DCE452B3A975300772D47 /* User.swift */ = {isa = PBXFileReference; lastKnownFileType = sourcecode.swift; path = User.swift; sourceTree = "<group>"; };
		856DCE472B3A9ACA00772D47 /* DeveloperPreview.swift */ = {isa = PBXFileReference; lastKnownFileType = sourcecode.swift; path = DeveloperPreview.swift; sourceTree = "<group>"; };
/* End PBXFileReference section */

/* Begin PBXFrameworksBuildPhase section */
		850347CB2B33730300C853F5 /* Frameworks */ = {
			isa = PBXFrameworksBuildPhase;
			buildActionMask = 2147483647;
			files = (
			);
			runOnlyForDeploymentPostprocessing = 0;
		};
/* End PBXFrameworksBuildPhase section */

/* Begin PBXGroup section */
		850347C52B33730300C853F5 = {
			isa = PBXGroup;
			children = (
				850347D02B33730300C853F5 /* MeloSync */,
				850347CF2B33730300C853F5 /* Products */,
			);
			sourceTree = "<group>";
		};
		850347CF2B33730300C853F5 /* Products */ = {
			isa = PBXGroup;
			children = (
				850347CE2B33730300C853F5 /* MeloSync.app */,
			);
			name = Products;
			sourceTree = "<group>";
		};
		850347D02B33730300C853F5 /* MeloSync */ = {
			isa = PBXGroup;
			children = (
				850347E42B33731D00C853F5 /* App */,
				850347D52B33730500C853F5 /* Assets.xcassets */,
				850347D32B33730300C853F5 /* ContentView.swift */,
				850347E52B33734400C853F5 /* Core */,
				850347E82B33735300C853F5 /* Extensions */,
				850347D72B33730500C853F5 /* MeloSync.entitlements */,
				850347E92B33735700C853F5 /* Models */,
				850347D82B33730500C853F5 /* Preview Content */,
				850347E72B33734A00C853F5 /* Utils */,
			);
			path = MeloSync;
			sourceTree = "<group>";
		};
		850347D82B33730500C853F5 /* Preview Content */ = {
			isa = PBXGroup;
			children = (
				850347D92B33730500C853F5 /* Preview Assets.xcassets */,
			);
			path = "Preview Content";
			sourceTree = "<group>";
		};
		850347E42B33731D00C853F5 /* App */ = {
			isa = PBXGroup;
			children = (
				850347D12B33730300C853F5 /* MeloSyncApp.swift */,
			);
			path = App;
			sourceTree = "<group>";
		};
		850347E52B33734400C853F5 /* Core */ = {
			isa = PBXGroup;
			children = (
				856DCE322B38B82F00772D47 /* Home */,
				856DCE1E2B33911A00772D47 /* Components */,
				850347EE2B3373E200C853F5 /* Explore */,
				850347F12B33757D00C853F5 /* Playlists */,
				850347EB2B33739F00C853F5 /* Profile */,
				856DCE272B37AA3F00772D47 /* Songs */,
				850347EC2B3373A600C853F5 /* Root */,
				850347ED2B3373B400C853F5 /* TabBar */,
			);
			path = Core;
			sourceTree = "<group>";
		};
		850347E72B33734A00C853F5 /* Utils */ = {
			isa = PBXGroup;
			children = (
			);
			path = Utils;
			sourceTree = "<group>";
		};
		850347E82B33735300C853F5 /* Extensions */ = {
			isa = PBXGroup;
			children = (
				856DCE252B34E7D900772D47 /* SongSwipeAction.swift */,
				856DCE472B3A9ACA00772D47 /* DeveloperPreview.swift */,
			);
			path = Extensions;
			sourceTree = "<group>";
		};
		850347E92B33735700C853F5 /* Models */ = {
			isa = PBXGroup;
			children = (
				856DCE412B3A968400772D47 /* Platform.swift */,
				856DCE452B3A975300772D47 /* User.swift */,
			);
			path = Models;
			sourceTree = "<group>";
		};
		850347EB2B33739F00C853F5 /* Profile */ = {
			isa = PBXGroup;
			children = (
				856DCE2E2B38B50000772D47 /* ProfileView.swift */,
				856DCE302B38B6CD00772D47 /* ProfileOptionRowView.swift */,
			);
			path = Profile;
			sourceTree = "<group>";
		};
		850347EC2B3373A600C853F5 /* Root */ = {
			isa = PBXGroup;
			children = (
			);
			path = Root;
			sourceTree = "<group>";
		};
		850347ED2B3373B400C853F5 /* TabBar */ = {
			isa = PBXGroup;
			children = (
				856DCE352B38B98D00772D47 /* MainTabView.swift */,
			);
			path = TabBar;
			sourceTree = "<group>";
		};
		850347EE2B3373E200C853F5 /* Explore */ = {
			isa = PBXGroup;
			children = (
				850347EF2B3373F300C853F5 /* ExploreView.swift */,
				850347F42B33792C00C853F5 /* SearchFilterBar.swift */,
				856DCE2C2B381A1200772D47 /* PlaylistSearchView.swift */,
			);
			path = Explore;
			sourceTree = "<group>";
		};
		850347F12B33757D00C853F5 /* Playlists */ = {
			isa = PBXGroup;
			children = (
				856DCE382B3A93DC00772D47 /* Views */,
				856DCE372B3A93D400772D47 /* Models */,
			);
			path = Playlists;
			sourceTree = "<group>";
		};
		856DCE1E2B33911A00772D47 /* Components */ = {
			isa = PBXGroup;
			children = (
				856DCE1F2B33913700772D47 /* PlaylistCarouselView.swift */,
				856DCE212B33928200772D47 /* PlaylistInfoView.swift */,
			);
			path = Components;
			sourceTree = "<group>";
		};
		856DCE272B37AA3F00772D47 /* Songs */ = {
			isa = PBXGroup;
			children = (
				856DCE3C2B3A949600772D47 /* Views */,
				856DCE3B2B3A948D00772D47 /* Models */,
			);
			path = Songs;
			sourceTree = "<group>";
		};
		856DCE322B38B82F00772D47 /* Home */ = {
			isa = PBXGroup;
			children = (
				856DCE332B38B84700772D47 /* HomeView.swift */,
			);
			path = Home;
			sourceTree = "<group>";
		};
		856DCE372B3A93D400772D47 /* Models */ = {
			isa = PBXGroup;
			children = (
				856DCE392B3A93F800772D47 /* Playlist.swift */,
				856DCE432B3A972500772D47 /* Review.swift */,
			);
			path = Models;
			sourceTree = "<group>";
		};
		856DCE382B3A93DC00772D47 /* Views */ = {
			isa = PBXGroup;
			children = (
				856DCE1A2B337CF100772D47 /* PlaylistItemView.swift */,
				856DCE2A2B37B7A600772D47 /* SavePlaylistButton.swift */,
				856DCE1C2B3390A100772D47 /* PlaylistDetailView.swift */,
			);
			path = Views;
			sourceTree = "<group>";
		};
		856DCE3B2B3A948D00772D47 /* Models */ = {
			isa = PBXGroup;
			children = (
				856DCE3D2B3A94D300772D47 /* Songs.swift */,
				856DCE3F2B3A962400772D47 /* Album.swift */,
			);
			path = Models;
			sourceTree = "<group>";
		};
		856DCE3C2B3A949600772D47 /* Views */ = {
			isa = PBXGroup;
			children = (
				856DCE232B33980300772D47 /* SongInfoView.swift */,
				856DCE282B37AA6400772D47 /* SongOptionsView.swift */,
			);
			path = Views;
			sourceTree = "<group>";
		};
/* End PBXGroup section */

/* Begin PBXNativeTarget section */
		850347CD2B33730300C853F5 /* MeloSync */ = {
			isa = PBXNativeTarget;
			buildConfigurationList = 850347DD2B33730500C853F5 /* Build configuration list for PBXNativeTarget "MeloSync" */;
			buildPhases = (
				850347CA2B33730300C853F5 /* Sources */,
				850347CB2B33730300C853F5 /* Frameworks */,
				850347CC2B33730300C853F5 /* Resources */,
			);
			buildRules = (
			);
			dependencies = (
			);
			name = MeloSync;
			productName = MeloSync;
			productReference = 850347CE2B33730300C853F5 /* MeloSync.app */;
			productType = "com.apple.product-type.application";
		};
/* End PBXNativeTarget section */

/* Begin PBXProject section */
		850347C62B33730300C853F5 /* Project object */ = {
			isa = PBXProject;
			attributes = {
				BuildIndependentTargetsInParallel = 1;
				LastSwiftUpdateCheck = 1500;
				LastUpgradeCheck = 1500;
				TargetAttributes = {
					850347CD2B33730300C853F5 = {
						CreatedOnToolsVersion = 15.0.1;
					};
				};
			};
			buildConfigurationList = 850347C92B33730300C853F5 /* Build configuration list for PBXProject "MeloSync" */;
			compatibilityVersion = "Xcode 14.0";
			developmentRegion = en;
			hasScannedForEncodings = 0;
			knownRegions = (
				en,
				Base,
			);
			mainGroup = 850347C52B33730300C853F5;
			productRefGroup = 850347CF2B33730300C853F5 /* Products */;
			projectDirPath = "";
			projectRoot = "";
			targets = (
				850347CD2B33730300C853F5 /* MeloSync */,
			);
		};
/* End PBXProject section */

/* Begin PBXResourcesBuildPhase section */
		850347CC2B33730300C853F5 /* Resources */ = {
			isa = PBXResourcesBuildPhase;
			buildActionMask = 2147483647;
			files = (
				850347DA2B33730500C853F5 /* Preview Assets.xcassets in Resources */,
				850347D62B33730500C853F5 /* Assets.xcassets in Resources */,
			);
			runOnlyForDeploymentPostprocessing = 0;
		};
/* End PBXResourcesBuildPhase section */

/* Begin PBXSourcesBuildPhase section */
		850347CA2B33730300C853F5 /* Sources */ = {
			isa = PBXSourcesBuildPhase;
			buildActionMask = 2147483647;
			files = (
				856DCE422B3A968400772D47 /* Platform.swift in Sources */,
				850347D42B33730300C853F5 /* ContentView.swift in Sources */,
				856DCE2D2B381A1200772D47 /* PlaylistSearchView.swift in Sources */,
				850347F02B3373F300C853F5 /* ExploreView.swift in Sources */,
				856DCE222B33928200772D47 /* PlaylistInfoView.swift in Sources */,
				856DCE202B33913700772D47 /* PlaylistCarouselView.swift in Sources */,
				850347F52B33792C00C853F5 /* SearchFilterBar.swift in Sources */,
				856DCE292B37AA6400772D47 /* SongOptionsView.swift in Sources */,
				856DCE312B38B6CD00772D47 /* ProfileOptionRowView.swift in Sources */,
				856DCE3E2B3A94D300772D47 /* Songs.swift in Sources */,
				856DCE1D2B3390A100772D47 /* PlaylistDetailView.swift in Sources */,
				856DCE362B38B98D00772D47 /* MainTabView.swift in Sources */,
				856DCE242B33980300772D47 /* SongInfoView.swift in Sources */,
				856DCE3A2B3A93F800772D47 /* Playlist.swift in Sources */,
				856DCE2B2B37B7A600772D47 /* SavePlaylistButton.swift in Sources */,
				856DCE262B34E7D900772D47 /* SongSwipeAction.swift in Sources */,
				856DCE442B3A972500772D47 /* Review.swift in Sources */,
				856DCE482B3A9ACA00772D47 /* DeveloperPreview.swift in Sources */,
				856DCE1B2B337CF100772D47 /* PlaylistItemView.swift in Sources */,
				856DCE342B38B84700772D47 /* HomeView.swift in Sources */,
				856DCE2F2B38B50000772D47 /* ProfileView.swift in Sources */,
				850347D22B33730300C853F5 /* MeloSyncApp.swift in Sources */,
				856DCE402B3A962400772D47 /* Album.swift in Sources */,
				856DCE462B3A975300772D47 /* User.swift in Sources */,
			);
			runOnlyForDeploymentPostprocessing = 0;
		};
/* End PBXSourcesBuildPhase section */

/* Begin XCBuildConfiguration section */
		850347DB2B33730500C853F5 /* Debug */ = {
			isa = XCBuildConfiguration;
			buildSettings = {
				ALWAYS_SEARCH_USER_PATHS = NO;
				ASSETCATALOG_COMPILER_GENERATE_SWIFT_ASSET_SYMBOL_EXTENSIONS = YES;
				CLANG_ANALYZER_NONNULL = YES;
				CLANG_ANALYZER_NUMBER_OBJECT_CONVERSION = YES_AGGRESSIVE;
				CLANG_CXX_LANGUAGE_STANDARD = "gnu++20";
				CLANG_ENABLE_MODULES = YES;
				CLANG_ENABLE_OBJC_ARC = YES;
				CLANG_ENABLE_OBJC_WEAK = YES;
				CLANG_WARN_BLOCK_CAPTURE_AUTORELEASING = YES;
				CLANG_WARN_BOOL_CONVERSION = YES;
				CLANG_WARN_COMMA = YES;
				CLANG_WARN_CONSTANT_CONVERSION = YES;
				CLANG_WARN_DEPRECATED_OBJC_IMPLEMENTATIONS = YES;
				CLANG_WARN_DIRECT_OBJC_ISA_USAGE = YES_ERROR;
				CLANG_WARN_DOCUMENTATION_COMMENTS = YES;
				CLANG_WARN_EMPTY_BODY = YES;
				CLANG_WARN_ENUM_CONVERSION = YES;
				CLANG_WARN_INFINITE_RECURSION = YES;
				CLANG_WARN_INT_CONVERSION = YES;
				CLANG_WARN_NON_LITERAL_NULL_CONVERSION = YES;
				CLANG_WARN_OBJC_IMPLICIT_RETAIN_SELF = YES;
				CLANG_WARN_OBJC_LITERAL_CONVERSION = YES;
				CLANG_WARN_OBJC_ROOT_CLASS = YES_ERROR;
				CLANG_WARN_QUOTED_INCLUDE_IN_FRAMEWORK_HEADER = YES;
				CLANG_WARN_RANGE_LOOP_ANALYSIS = YES;
				CLANG_WARN_STRICT_PROTOTYPES = YES;
				CLANG_WARN_SUSPICIOUS_MOVE = YES;
				CLANG_WARN_UNGUARDED_AVAILABILITY = YES_AGGRESSIVE;
				CLANG_WARN_UNREACHABLE_CODE = YES;
				CLANG_WARN__DUPLICATE_METHOD_MATCH = YES;
				COPY_PHASE_STRIP = NO;
				DEBUG_INFORMATION_FORMAT = dwarf;
				ENABLE_STRICT_OBJC_MSGSEND = YES;
				ENABLE_TESTABILITY = YES;
				ENABLE_USER_SCRIPT_SANDBOXING = YES;
				GCC_C_LANGUAGE_STANDARD = gnu17;
				GCC_DYNAMIC_NO_PIC = NO;
				GCC_NO_COMMON_BLOCKS = YES;
				GCC_OPTIMIZATION_LEVEL = 0;
				GCC_PREPROCESSOR_DEFINITIONS = (
					"DEBUG=1",
					"$(inherited)",
				);
				GCC_WARN_64_TO_32_BIT_CONVERSION = YES;
				GCC_WARN_ABOUT_RETURN_TYPE = YES_ERROR;
				GCC_WARN_UNDECLARED_SELECTOR = YES;
				GCC_WARN_UNINITIALIZED_AUTOS = YES_AGGRESSIVE;
				GCC_WARN_UNUSED_FUNCTION = YES;
				GCC_WARN_UNUSED_VARIABLE = YES;
				LOCALIZATION_PREFERS_STRING_CATALOGS = YES;
				MTL_ENABLE_DEBUG_INFO = INCLUDE_SOURCE;
				MTL_FAST_MATH = YES;
				ONLY_ACTIVE_ARCH = YES;
				SWIFT_ACTIVE_COMPILATION_CONDITIONS = "DEBUG $(inherited)";
				SWIFT_OPTIMIZATION_LEVEL = "-Onone";
			};
			name = Debug;
		};
		850347DC2B33730500C853F5 /* Release */ = {
			isa = XCBuildConfiguration;
			buildSettings = {
				ALWAYS_SEARCH_USER_PATHS = NO;
				ASSETCATALOG_COMPILER_GENERATE_SWIFT_ASSET_SYMBOL_EXTENSIONS = YES;
				CLANG_ANALYZER_NONNULL = YES;
				CLANG_ANALYZER_NUMBER_OBJECT_CONVERSION = YES_AGGRESSIVE;
				CLANG_CXX_LANGUAGE_STANDARD = "gnu++20";
				CLANG_ENABLE_MODULES = YES;
				CLANG_ENABLE_OBJC_ARC = YES;
				CLANG_ENABLE_OBJC_WEAK = YES;
				CLANG_WARN_BLOCK_CAPTURE_AUTORELEASING = YES;
				CLANG_WARN_BOOL_CONVERSION = YES;
				CLANG_WARN_COMMA = YES;
				CLANG_WARN_CONSTANT_CONVERSION = YES;
				CLANG_WARN_DEPRECATED_OBJC_IMPLEMENTATIONS = YES;
				CLANG_WARN_DIRECT_OBJC_ISA_USAGE = YES_ERROR;
				CLANG_WARN_DOCUMENTATION_COMMENTS = YES;
				CLANG_WARN_EMPTY_BODY = YES;
				CLANG_WARN_ENUM_CONVERSION = YES;
				CLANG_WARN_INFINITE_RECURSION = YES;
				CLANG_WARN_INT_CONVERSION = YES;
				CLANG_WARN_NON_LITERAL_NULL_CONVERSION = YES;
				CLANG_WARN_OBJC_IMPLICIT_RETAIN_SELF = YES;
				CLANG_WARN_OBJC_LITERAL_CONVERSION = YES;
				CLANG_WARN_OBJC_ROOT_CLASS = YES_ERROR;
				CLANG_WARN_QUOTED_INCLUDE_IN_FRAMEWORK_HEADER = YES;
				CLANG_WARN_RANGE_LOOP_ANALYSIS = YES;
				CLANG_WARN_STRICT_PROTOTYPES = YES;
				CLANG_WARN_SUSPICIOUS_MOVE = YES;
				CLANG_WARN_UNGUARDED_AVAILABILITY = YES_AGGRESSIVE;
				CLANG_WARN_UNREACHABLE_CODE = YES;
				CLANG_WARN__DUPLICATE_METHOD_MATCH = YES;
				COPY_PHASE_STRIP = NO;
				DEBUG_INFORMATION_FORMAT = "dwarf-with-dsym";
				ENABLE_NS_ASSERTIONS = NO;
				ENABLE_STRICT_OBJC_MSGSEND = YES;
				ENABLE_USER_SCRIPT_SANDBOXING = YES;
				GCC_C_LANGUAGE_STANDARD = gnu17;
				GCC_NO_COMMON_BLOCKS = YES;
				GCC_WARN_64_TO_32_BIT_CONVERSION = YES;
				GCC_WARN_ABOUT_RETURN_TYPE = YES_ERROR;
				GCC_WARN_UNDECLARED_SELECTOR = YES;
				GCC_WARN_UNINITIALIZED_AUTOS = YES_AGGRESSIVE;
				GCC_WARN_UNUSED_FUNCTION = YES;
				GCC_WARN_UNUSED_VARIABLE = YES;
				LOCALIZATION_PREFERS_STRING_CATALOGS = YES;
				MTL_ENABLE_DEBUG_INFO = NO;
				MTL_FAST_MATH = YES;
				SWIFT_COMPILATION_MODE = wholemodule;
			};
			name = Release;
		};
		850347DE2B33730500C853F5 /* Debug */ = {
			isa = XCBuildConfiguration;
			buildSettings = {
				ASSETCATALOG_COMPILER_APPICON_NAME = AppIcon;
				ASSETCATALOG_COMPILER_GLOBAL_ACCENT_COLOR_NAME = AccentColor;
				CODE_SIGN_ENTITLEMENTS = MeloSync/MeloSync.entitlements;
				CODE_SIGN_STYLE = Automatic;
				CURRENT_PROJECT_VERSION = 1;
				DEVELOPMENT_ASSET_PATHS = "\"MeloSync/Preview Content\"";
				ENABLE_PREVIEWS = YES;
				GENERATE_INFOPLIST_FILE = YES;
				"INFOPLIST_KEY_UIApplicationSceneManifest_Generation[sdk=iphoneos*]" = YES;
				"INFOPLIST_KEY_UIApplicationSceneManifest_Generation[sdk=iphonesimulator*]" = YES;
				"INFOPLIST_KEY_UIApplicationSupportsIndirectInputEvents[sdk=iphoneos*]" = YES;
				"INFOPLIST_KEY_UIApplicationSupportsIndirectInputEvents[sdk=iphonesimulator*]" = YES;
				"INFOPLIST_KEY_UILaunchScreen_Generation[sdk=iphoneos*]" = YES;
				"INFOPLIST_KEY_UILaunchScreen_Generation[sdk=iphonesimulator*]" = YES;
				"INFOPLIST_KEY_UIStatusBarStyle[sdk=iphoneos*]" = UIStatusBarStyleDefault;
				"INFOPLIST_KEY_UIStatusBarStyle[sdk=iphonesimulator*]" = UIStatusBarStyleDefault;
				INFOPLIST_KEY_UISupportedInterfaceOrientations_iPad = "UIInterfaceOrientationPortrait UIInterfaceOrientationPortraitUpsideDown UIInterfaceOrientationLandscapeLeft UIInterfaceOrientationLandscapeRight";
				INFOPLIST_KEY_UISupportedInterfaceOrientations_iPhone = "UIInterfaceOrientationPortrait UIInterfaceOrientationLandscapeLeft UIInterfaceOrientationLandscapeRight";
				IPHONEOS_DEPLOYMENT_TARGET = 17.0;
				LD_RUNPATH_SEARCH_PATHS = "@executable_path/Frameworks";
				"LD_RUNPATH_SEARCH_PATHS[sdk=macosx*]" = "@executable_path/../Frameworks";
				MACOSX_DEPLOYMENT_TARGET = 14.0;
				MARKETING_VERSION = 1.0;
				PRODUCT_BUNDLE_IDENTIFIER = com.svntii.MeloSync;
				PRODUCT_NAME = "$(TARGET_NAME)";
				SDKROOT = auto;
				SUPPORTED_PLATFORMS = "iphoneos iphonesimulator macosx";
				SWIFT_EMIT_LOC_STRINGS = YES;
				SWIFT_VERSION = 5.0;
				TARGETED_DEVICE_FAMILY = "1,2";
			};
			name = Debug;
		};
		850347DF2B33730500C853F5 /* Release */ = {
			isa = XCBuildConfiguration;
			buildSettings = {
				ASSETCATALOG_COMPILER_APPICON_NAME = AppIcon;
				ASSETCATALOG_COMPILER_GLOBAL_ACCENT_COLOR_NAME = AccentColor;
				CODE_SIGN_ENTITLEMENTS = MeloSync/MeloSync.entitlements;
				CODE_SIGN_STYLE = Automatic;
				CURRENT_PROJECT_VERSION = 1;
				DEVELOPMENT_ASSET_PATHS = "\"MeloSync/Preview Content\"";
				ENABLE_PREVIEWS = YES;
				GENERATE_INFOPLIST_FILE = YES;
				"INFOPLIST_KEY_UIApplicationSceneManifest_Generation[sdk=iphoneos*]" = YES;
				"INFOPLIST_KEY_UIApplicationSceneManifest_Generation[sdk=iphonesimulator*]" = YES;
				"INFOPLIST_KEY_UIApplicationSupportsIndirectInputEvents[sdk=iphoneos*]" = YES;
				"INFOPLIST_KEY_UIApplicationSupportsIndirectInputEvents[sdk=iphonesimulator*]" = YES;
				"INFOPLIST_KEY_UILaunchScreen_Generation[sdk=iphoneos*]" = YES;
				"INFOPLIST_KEY_UILaunchScreen_Generation[sdk=iphonesimulator*]" = YES;
				"INFOPLIST_KEY_UIStatusBarStyle[sdk=iphoneos*]" = UIStatusBarStyleDefault;
				"INFOPLIST_KEY_UIStatusBarStyle[sdk=iphonesimulator*]" = UIStatusBarStyleDefault;
				INFOPLIST_KEY_UISupportedInterfaceOrientations_iPad = "UIInterfaceOrientationPortrait UIInterfaceOrientationPortraitUpsideDown UIInterfaceOrientationLandscapeLeft UIInterfaceOrientationLandscapeRight";
				INFOPLIST_KEY_UISupportedInterfaceOrientations_iPhone = "UIInterfaceOrientationPortrait UIInterfaceOrientationLandscapeLeft UIInterfaceOrientationLandscapeRight";
				IPHONEOS_DEPLOYMENT_TARGET = 17.0;
				LD_RUNPATH_SEARCH_PATHS = "@executable_path/Frameworks";
				"LD_RUNPATH_SEARCH_PATHS[sdk=macosx*]" = "@executable_path/../Frameworks";
				MACOSX_DEPLOYMENT_TARGET = 14.0;
				MARKETING_VERSION = 1.0;
				PRODUCT_BUNDLE_IDENTIFIER = com.svntii.MeloSync;
				PRODUCT_NAME = "$(TARGET_NAME)";
				SDKROOT = auto;
				SUPPORTED_PLATFORMS = "iphoneos iphonesimulator macosx";
				SWIFT_EMIT_LOC_STRINGS = YES;
				SWIFT_VERSION = 5.0;
				TARGETED_DEVICE_FAMILY = "1,2";
			};
			name = Release;
		};
/* End XCBuildConfiguration section */

/* Begin XCConfigurationList section */
		850347C92B33730300C853F5 /* Build configuration list for PBXProject "MeloSync" */ = {
			isa = XCConfigurationList;
			buildConfigurations = (
				850347DB2B33730500C853F5 /* Debug */,
				850347DC2B33730500C853F5 /* Release */,
			);
			defaultConfigurationIsVisible = 0;
			defaultConfigurationName = Release;
		};
		850347DD2B33730500C853F5 /* Build configuration list for PBXNativeTarget "MeloSync" */ = {
			isa = XCConfigurationList;
			buildConfigurations = (
				850347DE2B33730500C853F5 /* Debug */,
				850347DF2B33730500C853F5 /* Release */,
			);
			defaultConfigurationIsVisible = 0;
			defaultConfigurationName = Release;
		};
/* End XCConfigurationList section */
	};
	rootObject = 850347C62B33730300C853F5 /* Project object */;
}
